
Microsoft Visual Studio Solution File, Format Version 12.00
# Visual Studio Version 17
VisualStudioVersion = 17.13.35919.96
MinimumVisualStudioVersion = 10.0.40219.1
Project("{FAE04EC0-301F-11D3-BF4B-00C04F79EFBC}") = "E-Water-Test", "E-Water-Test\E-Water-Test.csproj", "{14BA680B-DFF9-4EC9-BFBB-1240CE5C9FCF}"
EndProject
Global
	GlobalSection(SolutionConfigurationPlatforms) = preSolution
		Debug|Any CPU = Debug|Any CPU
		Release|Any CPU = Release|Any CPU
	EndGlobalSection
	GlobalSection(ProjectConfigurationPlatforms) = postSolution
		{14BA680B-DFF9-4EC9-BFBB-1240CE5C9FCF}.Debug|Any CPU.ActiveCfg = Debug|Any CPU
		{14BA680B-DFF9-4EC9-BFBB-1240CE5C9FCF}.Debug|Any CPU.Build.0 = Debug|Any CPU
		{14BA680B-DFF9-4EC9-BFBB-1240CE5C9FCF}.Release|Any CPU.ActiveCfg = Release|Any CPU
		{14BA680B-DFF9-4EC9-BFBB-1240CE5C9FCF}.Release|Any CPU.Build.0 = Release|Any CPU
	EndGlobalSection
	GlobalSection(SolutionProperties) = preSolution
		HideSolutionNode = FALSE
	EndGlobalSection
	GlobalSection(ExtensibilityGlobals) = postSolution
		SolutionGuid = {B2514302-83F4-4655-908D-7A93011B3441}
	EndGlobalSection
EndGlobal
